// !$*UTF8*$!
{
	archiveVersion = 1;
	classes = {
	};
	objectVersion = 50;
	objects = {

/* Begin PBXBuildFile section */
		784CC3CA231AE16F00ADF6DF /* AppDelegate.swift in Sources */ = {isa = PBXBuildFile; fileRef = 784CC3C9231AE16F00ADF6DF /* AppDelegate.swift */; };
		784CC3CC231AE16F00ADF6DF /* ViewController.swift in Sources */ = {isa = PBXBuildFile; fileRef = 784CC3CB231AE16F00ADF6DF /* ViewController.swift */; };
		784CC3CF231AE16F00ADF6DF /* Main.storyboard in Resources */ = {isa = PBXBuildFile; fileRef = 784CC3CD231AE16F00ADF6DF /* Main.storyboard */; };
		784CC3D2231AE16F00ADF6DF /* TipCalculator.xcdatamodeld in Sources */ = {isa = PBXBuildFile; fileRef = 784CC3D0231AE16F00ADF6DF /* TipCalculator.xcdatamodeld */; };
		784CC3D4231AE17000ADF6DF /* Assets.xcassets in Resources */ = {isa = PBXBuildFile; fileRef = 784CC3D3231AE17000ADF6DF /* Assets.xcassets */; };
		784CC3D7231AE17000ADF6DF /* LaunchScreen.storyboard in Resources */ = {isa = PBXBuildFile; fileRef = 784CC3D5231AE17000ADF6DF /* LaunchScreen.storyboard */; };
		784CC3E2231AE17000ADF6DF /* TipCalculatorTests.swift in Sources */ = {isa = PBXBuildFile; fileRef = 784CC3E1231AE17000ADF6DF /* TipCalculatorTests.swift */; };
		784CC3ED231AE17000ADF6DF /* TipCalculatorUITests.swift in Sources */ = {isa = PBXBuildFile; fileRef = 784CC3EC231AE17000ADF6DF /* TipCalculatorUITests.swift */; };
/* End PBXBuildFile section */

/* Begin PBXContainerItemProxy section */
		784CC3DE231AE17000ADF6DF /* PBXContainerItemProxy */ = {
			isa = PBXContainerItemProxy;
			containerPortal = 784CC3BE231AE16F00ADF6DF /* Project object */;
			proxyType = 1;
			remoteGlobalIDString = 784CC3C5231AE16F00ADF6DF;
			remoteInfo = TipCalculator;
		};
		784CC3E9231AE17000ADF6DF /* PBXContainerItemProxy */ = {
			isa = PBXContainerItemProxy;
			containerPortal = 784CC3BE231AE16F00ADF6DF /* Project object */;
			proxyType = 1;
			remoteGlobalIDString = 784CC3C5231AE16F00ADF6DF;
			remoteInfo = TipCalculator;
		};
/* End PBXContainerItemProxy section */

/* Begin PBXFileReference section */
		784CC3C6231AE16F00ADF6DF /* TipCalculator.app */ = {isa = PBXFileReference; explicitFileType = wrapper.application; includeInIndex = 0; path = TipCalculator.app; sourceTree = BUILT_PRODUCTS_DIR; };
		784CC3C9231AE16F00ADF6DF /* AppDelegate.swift */ = {isa = PBXFileReference; lastKnownFileType = sourcecode.swift; path = AppDelegate.swift; sourceTree = "<group>"; };
		784CC3CB231AE16F00ADF6DF /* ViewController.swift */ = {isa = PBXFileReference; lastKnownFileType = sourcecode.swift; path = ViewController.swift; sourceTree = "<group>"; };
		784CC3CE231AE16F00ADF6DF /* Base */ = {isa = PBXFileReference; lastKnownFileType = file.storyboard; name = Base; path = Base.lproj/Main.storyboard; sourceTree = "<group>"; };
		784CC3D1231AE16F00ADF6DF /* TipCalculator.xcdatamodel */ = {isa = PBXFileReference; lastKnownFileType = wrapper.xcdatamodel; path = TipCalculator.xcdatamodel; sourceTree = "<group>"; };
		784CC3D3231AE17000ADF6DF /* Assets.xcassets */ = {isa = PBXFileReference; lastKnownFileType = folder.assetcatalog; path = Assets.xcassets; sourceTree = "<group>"; };
		784CC3D6231AE17000ADF6DF /* Base */ = {isa = PBXFileReference; lastKnownFileType = file.storyboard; name = Base; path = Base.lproj/LaunchScreen.storyboard; sourceTree = "<group>"; };
		784CC3D8231AE17000ADF6DF /* Info.plist */ = {isa = PBXFileReference; lastKnownFileType = text.plist.xml; path = Info.plist; sourceTree = "<group>"; };
		784CC3DD231AE17000ADF6DF /* TipCalculatorTests.xctest */ = {isa = PBXFileReference; explicitFileType = wrapper.cfbundle; includeInIndex = 0; path = TipCalculatorTests.xctest; sourceTree = BUILT_PRODUCTS_DIR; };
		784CC3E1231AE17000ADF6DF /* TipCalculatorTests.swift */ = {isa = PBXFileReference; lastKnownFileType = sourcecode.swift; path = TipCalculatorTests.swift; sourceTree = "<group>"; };
		784CC3E3231AE17000ADF6DF /* Info.plist */ = {isa = PBXFileReference; lastKnownFileType = text.plist.xml; path = Info.plist; sourceTree = "<group>"; };
		784CC3E8231AE17000ADF6DF /* TipCalculatorUITests.xctest */ = {isa = PBXFileReference; explicitFileType = wrapper.cfbundle; includeInIndex = 0; path = TipCalculatorUITests.xctest; sourceTree = BUILT_PRODUCTS_DIR; };
		784CC3EC231AE17000ADF6DF /* TipCalculatorUITests.swift */ = {isa = PBXFileReference; lastKnownFileType = sourcecode.swift; path = TipCalculatorUITests.swift; sourceTree = "<group>"; };
		784CC3EE231AE17000ADF6DF /* Info.plist */ = {isa = PBXFileReference; lastKnownFileType = text.plist.xml; path = Info.plist; sourceTree = "<group>"; };
/* End PBXFileReference section */

/* Begin PBXFrameworksBuildPhase section */
		784CC3C3231AE16F00ADF6DF /* Frameworks */ = {
			isa = PBXFrameworksBuildPhase;
			buildActionMask = 2147483647;
			files = (
			);
			runOnlyForDeploymentPostprocessing = 0;
		};
		784CC3DA231AE17000ADF6DF /* Frameworks */ = {
			isa = PBXFrameworksBuildPhase;
			buildActionMask = 2147483647;
			files = (
			);
			runOnlyForDeploymentPostprocessing = 0;
		};
		784CC3E5231AE17000ADF6DF /* Frameworks */ = {
			isa = PBXFrameworksBuildPhase;
			buildActionMask = 2147483647;
			files = (
			);
			runOnlyForDeploymentPostprocessing = 0;
		};
/* End PBXFrameworksBuildPhase section */

/* Begin PBXGroup section */
		784CC3BD231AE16F00ADF6DF = {
			isa = PBXGroup;
			children = (
				784CC3C8231AE16F00ADF6DF /* TipCalculator */,
				784CC3E0231AE17000ADF6DF /* TipCalculatorTests */,
				784CC3EB231AE17000ADF6DF /* TipCalculatorUITests */,
				784CC3C7231AE16F00ADF6DF /* Products */,
			);
			sourceTree = "<group>";
		};
		784CC3C7231AE16F00ADF6DF /* Products */ = {
			isa = PBXGroup;
			children = (
				784CC3C6231AE16F00ADF6DF /* TipCalculator.app */,
				784CC3DD231AE17000ADF6DF /* TipCalculatorTests.xctest */,
				784CC3E8231AE17000ADF6DF /* TipCalculatorUITests.xctest */,
			);
			name = Products;
			sourceTree = "<group>";
		};
		784CC3C8231AE16F00ADF6DF /* TipCalculator */ = {
			isa = PBXGroup;
			children = (
				784CC3C9231AE16F00ADF6DF /* AppDelegate.swift */,
				784CC3CB231AE16F00ADF6DF /* ViewController.swift */,
				784CC3CD231AE16F00ADF6DF /* Main.storyboard */,
				784CC3D3231AE17000ADF6DF /* Assets.xcassets */,
				784CC3D5231AE17000ADF6DF /* LaunchScreen.storyboard */,
				784CC3D8231AE17000ADF6DF /* Info.plist */,
				784CC3D0231AE16F00ADF6DF /* TipCalculator.xcdatamodeld */,
			);
			path = TipCalculator;
			sourceTree = "<group>";
		};
		784CC3E0231AE17000ADF6DF /* TipCalculatorTests */ = {
			isa = PBXGroup;
			children = (
				784CC3E1231AE17000ADF6DF /* TipCalculatorTests.swift */,
				784CC3E3231AE17000ADF6DF /* Info.plist */,
			);
			path = TipCalculatorTests;
			sourceTree = "<group>";
		};
		784CC3EB231AE17000ADF6DF /* TipCalculatorUITests */ = {
			isa = PBXGroup;
			children = (
				784CC3EC231AE17000ADF6DF /* TipCalculatorUITests.swift */,
				784CC3EE231AE17000ADF6DF /* Info.plist */,
			);
			path = TipCalculatorUITests;
			sourceTree = "<group>";
		};
/* End PBXGroup section */

/* Begin PBXNativeTarget section */
		784CC3C5231AE16F00ADF6DF /* TipCalculator */ = {
			isa = PBXNativeTarget;
			buildConfigurationList = 784CC3F1231AE17000ADF6DF /* Build configuration list for PBXNativeTarget "TipCalculator" */;
			buildPhases = (
				784CC3C2231AE16F00ADF6DF /* Sources */,
				784CC3C3231AE16F00ADF6DF /* Frameworks */,
				784CC3C4231AE16F00ADF6DF /* Resources */,
			);
			buildRules = (
			);
			dependencies = (
			);
			name = TipCalculator;
			productName = TipCalculator;
			productReference = 784CC3C6231AE16F00ADF6DF /* TipCalculator.app */;
			productType = "com.apple.product-type.application";
		};
		784CC3DC231AE17000ADF6DF /* TipCalculatorTests */ = {
			isa = PBXNativeTarget;
			buildConfigurationList = 784CC3F4231AE17000ADF6DF /* Build configuration list for PBXNativeTarget "TipCalculatorTests" */;
			buildPhases = (
				784CC3D9231AE17000ADF6DF /* Sources */,
				784CC3DA231AE17000ADF6DF /* Frameworks */,
				784CC3DB231AE17000ADF6DF /* Resources */,
			);
			buildRules = (
			);
			dependencies = (
				784CC3DF231AE17000ADF6DF /* PBXTargetDependency */,
			);
			name = TipCalculatorTests;
			productName = TipCalculatorTests;
			productReference = 784CC3DD231AE17000ADF6DF /* TipCalculatorTests.xctest */;
			productType = "com.apple.product-type.bundle.unit-test";
		};
		784CC3E7231AE17000ADF6DF /* TipCalculatorUITests */ = {
			isa = PBXNativeTarget;
			buildConfigurationList = 784CC3F7231AE17000ADF6DF /* Build configuration list for PBXNativeTarget "TipCalculatorUITests" */;
			buildPhases = (
				784CC3E4231AE17000ADF6DF /* Sources */,
				784CC3E5231AE17000ADF6DF /* Frameworks */,
				784CC3E6231AE17000ADF6DF /* Resources */,
			);
			buildRules = (
			);
			dependencies = (
				784CC3EA231AE17000ADF6DF /* PBXTargetDependency */,
			);
			name = TipCalculatorUITests;
			productName = TipCalculatorUITests;
			productReference = 784CC3E8231AE17000ADF6DF /* TipCalculatorUITests.xctest */;
			productType = "com.apple.product-type.bundle.ui-testing";
		};
/* End PBXNativeTarget section */

/* Begin PBXProject section */
		784CC3BE231AE16F00ADF6DF /* Project object */ = {
			isa = PBXProject;
			attributes = {
				LastSwiftUpdateCheck = 1030;
				LastUpgradeCheck = 1030;
				ORGANIZATIONNAME = "Paul Ancajima";
				TargetAttributes = {
					784CC3C5231AE16F00ADF6DF = {
						CreatedOnToolsVersion = 10.3;
					};
					784CC3DC231AE17000ADF6DF = {
						CreatedOnToolsVersion = 10.3;
						TestTargetID = 784CC3C5231AE16F00ADF6DF;
					};
					784CC3E7231AE17000ADF6DF = {
						CreatedOnToolsVersion = 10.3;
						TestTargetID = 784CC3C5231AE16F00ADF6DF;
					};
				};
			};
			buildConfigurationList = 784CC3C1231AE16F00ADF6DF /* Build configuration list for PBXProject "TipCalculator" */;
			compatibilityVersion = "Xcode 9.3";
			developmentRegion = en;
			hasScannedForEncodings = 0;
			knownRegions = (
				en,
				Base,
			);
			mainGroup = 784CC3BD231AE16F00ADF6DF;
			productRefGroup = 784CC3C7231AE16F00ADF6DF /* Products */;
			projectDirPath = "";
			projectRoot = "";
			targets = (
				784CC3C5231AE16F00ADF6DF /* TipCalculator */,
				784CC3DC231AE17000ADF6DF /* TipCalculatorTests */,
				784CC3E7231AE17000ADF6DF /* TipCalculatorUITests */,
			);
		};
/* End PBXProject section */

/* Begin PBXResourcesBuildPhase section */
		784CC3C4231AE16F00ADF6DF /* Resources */ = {
			isa = PBXResourcesBuildPhase;
			buildActionMask = 2147483647;
			files = (
				784CC3D7231AE17000ADF6DF /* LaunchScreen.storyboard in Resources */,
				784CC3D4231AE17000ADF6DF /* Assets.xcassets in Resources */,
				784CC3CF231AE16F00ADF6DF /* Main.storyboard in Resources */,
			);
			runOnlyForDeploymentPostprocessing = 0;
		};
		784CC3DB231AE17000ADF6DF /* Resources */ = {
			isa = PBXResourcesBuildPhase;
			buildActionMask = 2147483647;
			files = (
			);
			runOnlyForDeploymentPostprocessing = 0;
		};
		784CC3E6231AE17000ADF6DF /* Resources */ = {
			isa = PBXResourcesBuildPhase;
			buildActionMask = 2147483647;
			files = (
			);
			runOnlyForDeploymentPostprocessing = 0;
		};
/* End PBXResourcesBuildPhase section */

/* Begin PBXSourcesBuildPhase section */
		784CC3C2231AE16F00ADF6DF /* Sources */ = {
			isa = PBXSourcesBuildPhase;
			buildActionMask = 2147483647;
			files = (
				784CC3D2231AE16F00ADF6DF /* TipCalculator.xcdatamodeld in Sources */,
				784CC3CC231AE16F00ADF6DF /* ViewController.swift in Sources */,
				784CC3CA231AE16F00ADF6DF /* AppDelegate.swift in Sources */,
			);
			runOnlyForDeploymentPostprocessing = 0;
		};
		784CC3D9231AE17000ADF6DF /* Sources */ = {
			isa = PBXSourcesBuildPhase;
			buildActionMask = 2147483647;
			files = (
				784CC3E2231AE17000ADF6DF /* TipCalculatorTests.swift in Sources */,
			);
			runOnlyForDeploymentPostprocessing = 0;
		};
		784CC3E4231AE17000ADF6DF /* Sources */ = {
			isa = PBXSourcesBuildPhase;
			buildActionMask = 2147483647;
			files = (
				784CC3ED231AE17000ADF6DF /* TipCalculatorUITests.swift in Sources */,
			);
			runOnlyForDeploymentPostprocessing = 0;
		};
/* End PBXSourcesBuildPhase section */

/* Begin PBXTargetDependency section */
		784CC3DF231AE17000ADF6DF /* PBXTargetDependency */ = {
			isa = PBXTargetDependency;
			target = 784CC3C5231AE16F00ADF6DF /* TipCalculator */;
			targetProxy = 784CC3DE231AE17000ADF6DF /* PBXContainerItemProxy */;
		};
		784CC3EA231AE17000ADF6DF /* PBXTargetDependency */ = {
			isa = PBXTargetDependency;
			target = 784CC3C5231AE16F00ADF6DF /* TipCalculator */;
			targetProxy = 784CC3E9231AE17000ADF6DF /* PBXContainerItemProxy */;
		};
/* End PBXTargetDependency section */

/* Begin PBXVariantGroup section */
		784CC3CD231AE16F00ADF6DF /* Main.storyboard */ = {
			isa = PBXVariantGroup;
			children = (
				784CC3CE231AE16F00ADF6DF /* Base */,
			);
			name = Main.storyboard;
			sourceTree = "<group>";
		};
		784CC3D5231AE17000ADF6DF /* LaunchScreen.storyboard */ = {
			isa = PBXVariantGroup;
			children = (
				784CC3D6231AE17000ADF6DF /* Base */,
			);
			name = LaunchScreen.storyboard;
			sourceTree = "<group>";
		};
/* End PBXVariantGroup section */

/* Begin XCBuildConfiguration section */
		784CC3EF231AE17000ADF6DF /* Debug */ = {
			isa = XCBuildConfiguration;
			buildSettings = {
				ALWAYS_SEARCH_USER_PATHS = NO;
				CLANG_ANALYZER_NONNULL = YES;
				CLANG_ANALYZER_NUMBER_OBJECT_CONVERSION = YES_AGGRESSIVE;
				CLANG_CXX_LANGUAGE_STANDARD = "gnu++14";
				CLANG_CXX_LIBRARY = "libc++";
				CLANG_ENABLE_MODULES = YES;
				CLANG_ENABLE_OBJC_ARC = YES;
				CLANG_ENABLE_OBJC_WEAK = YES;
				CLANG_WARN_BLOCK_CAPTURE_AUTORELEASING = YES;
				CLANG_WARN_BOOL_CONVERSION = YES;
				CLANG_WARN_COMMA = YES;
				CLANG_WARN_CONSTANT_CONVERSION = YES;
				CLANG_WARN_DEPRECATED_OBJC_IMPLEMENTATIONS = YES;
				CLANG_WARN_DIRECT_OBJC_ISA_USAGE = YES_ERROR;
				CLANG_WARN_DOCUMENTATION_COMMENTS = YES;
				CLANG_WARN_EMPTY_BODY = YES;
				CLANG_WARN_ENUM_CONVERSION = YES;
				CLANG_WARN_INFINITE_RECURSION = YES;
				CLANG_WARN_INT_CONVERSION = YES;
				CLANG_WARN_NON_LITERAL_NULL_CONVERSION = YES;
				CLANG_WARN_OBJC_IMPLICIT_RETAIN_SELF = YES;
				CLANG_WARN_OBJC_LITERAL_CONVERSION = YES;
				CLANG_WARN_OBJC_ROOT_CLASS = YES_ERROR;
				CLANG_WARN_RANGE_LOOP_ANALYSIS = YES;
				CLANG_WARN_STRICT_PROTOTYPES = YES;
				CLANG_WARN_SUSPICIOUS_MOVE = YES;
				CLANG_WARN_UNGUARDED_AVAILABILITY = YES_AGGRESSIVE;
				CLANG_WARN_UNREACHABLE_CODE = YES;
				CLANG_WARN__DUPLICATE_METHOD_MATCH = YES;
				CODE_SIGN_IDENTITY = "iPhone Developer";
				COPY_PHASE_STRIP = NO;
				DEBUG_INFORMATION_FORMAT = dwarf;
				ENABLE_STRICT_OBJC_MSGSEND = YES;
				ENABLE_TESTABILITY = YES;
				GCC_C_LANGUAGE_STANDARD = gnu11;
				GCC_DYNAMIC_NO_PIC = NO;
				GCC_NO_COMMON_BLOCKS = YES;
				GCC_OPTIMIZATION_LEVEL = 0;
				GCC_PREPROCESSOR_DEFINITIONS = (
					"DEBUG=1",
					"$(inherited)",
				);
				GCC_WARN_64_TO_32_BIT_CONVERSION = YES;
				GCC_WARN_ABOUT_RETURN_TYPE = YES_ERROR;
				GCC_WARN_UNDECLARED_SELECTOR = YES;
				GCC_WARN_UNINITIALIZED_AUTOS = YES_AGGRESSIVE;
				GCC_WARN_UNUSED_FUNCTION = YES;
				GCC_WARN_UNUSED_VARIABLE = YES;
				IPHONEOS_DEPLOYMENT_TARGET = 12.4;
				MTL_ENABLE_DEBUG_INFO = INCLUDE_SOURCE;
				MTL_FAST_MATH = YES;
				ONLY_ACTIVE_ARCH = YES;
				SDKROOT = iphoneos;
				SWIFT_ACTIVE_COMPILATION_CONDITIONS = DEBUG;
				SWIFT_OPTIMIZATION_LEVEL = "-Onone";
			};
			name = Debug;
		};
		784CC3F0231AE17000ADF6DF /* Release */ = {
			isa = XCBuildConfiguration;
			buildSettings = {
				ALWAYS_SEARCH_USER_PATHS = NO;
				CLANG_ANALYZER_NONNULL = YES;
				CLANG_ANALYZER_NUMBER_OBJECT_CONVERSION = YES_AGGRESSIVE;
				CLANG_CXX_LANGUAGE_STANDARD = "gnu++14";
				CLANG_CXX_LIBRARY = "libc++";
				CLANG_ENABLE_MODULES = YES;
				CLANG_ENABLE_OBJC_ARC = YES;
				CLANG_ENABLE_OBJC_WEAK = YES;
				CLANG_WARN_BLOCK_CAPTURE_AUTORELEASING = YES;
				CLANG_WARN_BOOL_CONVERSION = YES;
				CLANG_WARN_COMMA = YES;
				CLANG_WARN_CONSTANT_CONVERSION = YES;
				CLANG_WARN_DEPRECATED_OBJC_IMPLEMENTATIONS = YES;
				CLANG_WARN_DIRECT_OBJC_ISA_USAGE = YES_ERROR;
				CLANG_WARN_DOCUMENTATION_COMMENTS = YES;
				CLANG_WARN_EMPTY_BODY = YES;
				CLANG_WARN_ENUM_CONVERSION = YES;
				CLANG_WARN_INFINITE_RECURSION = YES;
				CLANG_WARN_INT_CONVERSION = YES;
				CLANG_WARN_NON_LITERAL_NULL_CONVERSION = YES;
				CLANG_WARN_OBJC_IMPLICIT_RETAIN_SELF = YES;
				CLANG_WARN_OBJC_LITERAL_CONVERSION = YES;
				CLANG_WARN_OBJC_ROOT_CLASS = YES_ERROR;
				CLANG_WARN_RANGE_LOOP_ANALYSIS = YES;
				CLANG_WARN_STRICT_PROTOTYPES = YES;
				CLANG_WARN_SUSPICIOUS_MOVE = YES;
				CLANG_WARN_UNGUARDED_AVAILABILITY = YES_AGGRESSIVE;
				CLANG_WARN_UNREACHABLE_CODE = YES;
				CLANG_WARN__DUPLICATE_METHOD_MATCH = YES;
				CODE_SIGN_IDENTITY = "iPhone Developer";
				COPY_PHASE_STRIP = NO;
				DEBUG_INFORMATION_FORMAT = "dwarf-with-dsym";
				ENABLE_NS_ASSERTIONS = NO;
				ENABLE_STRICT_OBJC_MSGSEND = YES;
				GCC_C_LANGUAGE_STANDARD = gnu11;
				GCC_NO_COMMON_BLOCKS = YES;
				GCC_WARN_64_TO_32_BIT_CONVERSION = YES;
				GCC_WARN_ABOUT_RETURN_TYPE = YES_ERROR;
				GCC_WARN_UNDECLARED_SELECTOR = YES;
				GCC_WARN_UNINITIALIZED_AUTOS = YES_AGGRESSIVE;
				GCC_WARN_UNUSED_FUNCTION = YES;
				GCC_WARN_UNUSED_VARIABLE = YES;
				IPHONEOS_DEPLOYMENT_TARGET = 12.4;
				MTL_ENABLE_DEBUG_INFO = NO;
				MTL_FAST_MATH = YES;
				SDKROOT = iphoneos;
				SWIFT_COMPILATION_MODE = wholemodule;
				SWIFT_OPTIMIZATION_LEVEL = "-O";
				VALIDATE_PRODUCT = YES;
			};
			name = Release;
		};
		784CC3F2231AE17000ADF6DF /* Debug */ = {
			isa = XCBuildConfiguration;
			buildSettings = {
				ASSETCATALOG_COMPILER_APPICON_NAME = AppIcon;
				CODE_SIGN_STYLE = Automatic;
				DEVELOPMENT_TEAM = 85Z4E9D6W3;
				INFOPLIST_FILE = TipCalculator/Info.plist;
				LD_RUNPATH_SEARCH_PATHS = (
					"$(inherited)",
					"@executable_path/Frameworks",
				);
				PRODUCT_BUNDLE_IDENTIFIER = edu.mail.sfsu.pancajima.student.TipCalculator;
				PRODUCT_NAME = "$(TARGET_NAME)";
				SWIFT_VERSION = 5.0;
				TARGETED_DEVICE_FAMILY = "1,2";
			};
			name = Debug;
		};
		784CC3F3231AE17000ADF6DF /* Release */ = {
			isa = XCBuildConfiguration;
			buildSettings = {
				ASSETCATALOG_COMPILER_APPICON_NAME = AppIcon;
				CODE_SIGN_STYLE = Automatic;
				DEVELOPMENT_TEAM = 85Z4E9D6W3;
				INFOPLIST_FILE = TipCalculator/Info.plist;
				LD_RUNPATH_SEARCH_PATHS = (
					"$(inherited)",
					"@executable_path/Frameworks",
				);
				PRODUCT_BUNDLE_IDENTIFIER = edu.mail.sfsu.pancajima.student.TipCalculator;
				PRODUCT_NAME = "$(TARGET_NAME)";
				SWIFT_VERSION = 5.0;
				TARGETED_DEVICE_FAMILY = "1,2";
			};
			name = Release;
		};
		784CC3F5231AE17000ADF6DF /* Debug */ = {
			isa = XCBuildConfiguration;
			buildSettings = {
				ALWAYS_EMBED_SWIFT_STANDARD_LIBRARIES = YES;
				BUNDLE_LOADER = "$(TEST_HOST)";
				CODE_SIGN_STYLE = Automatic;
				DEVELOPMENT_TEAM = 85Z4E9D6W3;
				INFOPLIST_FILE = TipCalculatorTests/Info.plist;
				LD_RUNPATH_SEARCH_PATHS = (
					"$(inherited)",
					"@executable_path/Frameworks",
					"@loader_path/Frameworks",
				);
				PRODUCT_BUNDLE_IDENTIFIER = edu.mail.sfsu.pancajima.student.TipCalculatorTests;
				PRODUCT_NAME = "$(TARGET_NAME)";
				SWIFT_VERSION = 5.0;
				TARGETED_DEVICE_FAMILY = "1,2";
				TEST_HOST = "$(BUILT_PRODUCTS_DIR)/TipCalculator.app/TipCalculator";
			};
			name = Debug;
		};
		784CC3F6231AE17000ADF6DF /* Release */ = {
			isa = XCBuildConfiguration;
			buildSettings = {
				ALWAYS_EMBED_SWIFT_STANDARD_LIBRARIES = YES;
				BUNDLE_LOADER = "$(TEST_HOST)";
				CODE_SIGN_STYLE = Automatic;
				DEVELOPMENT_TEAM = 85Z4E9D6W3;
				INFOPLIST_FILE = TipCalculatorTests/Info.plist;
				LD_RUNPATH_SEARCH_PATHS = (
					"$(inherited)",
					"@executable_path/Frameworks",
					"@loader_path/Frameworks",
				);
				PRODUCT_BUNDLE_IDENTIFIER = edu.mail.sfsu.pancajima.student.TipCalculatorTests;
				PRODUCT_NAME = "$(TARGET_NAME)";
				SWIFT_VERSION = 5.0;
				TARGETED_DEVICE_FAMILY = "1,2";
				TEST_HOST = "$(BUILT_PRODUCTS_DIR)/TipCalculator.app/TipCalculator";
			};
			name = Release;
		};
		784CC3F8231AE17000ADF6DF /* Debug */ = {
			isa = XCBuildConfiguration;
			buildSettings = {
				ALWAYS_EMBED_SWIFT_STANDARD_LIBRARIES = YES;
				CODE_SIGN_STYLE = Automatic;
				DEVELOPMENT_TEAM = 85Z4E9D6W3;
				INFOPLIST_FILE = TipCalculatorUITests/Info.plist;
				LD_RUNPATH_SEARCH_PATHS = (
					"$(inherited)",
					"@executable_path/Frameworks",
					"@loader_path/Frameworks",
				);
				PRODUCT_BUNDLE_IDENTIFIER = edu.mail.sfsu.pancajima.student.TipCalculatorUITests;
				PRODUCT_NAME = "$(TARGET_NAME)";
				SWIFT_VERSION = 5.0;
				TARGETED_DEVICE_FAMILY = "1,2";
				TEST_TARGET_NAME = TipCalculator;
			};
			name = Debug;
		};
		784CC3F9231AE17000ADF6DF /* Release */ = {
			isa = XCBuildConfiguration;
			buildSettings = {
				ALWAYS_EMBED_SWIFT_STANDARD_LIBRARIES = YES;
				CODE_SIGN_STYLE = Automatic;
				DEVELOPMENT_TEAM = 85Z4E9D6W3;
				INFOPLIST_FILE = TipCalculatorUITests/Info.plist;
				LD_RUNPATH_SEARCH_PATHS = (
					"$(inherited)",
					"@executable_path/Frameworks",
					"@loader_path/Frameworks",
				);
				PRODUCT_BUNDLE_IDENTIFIER = edu.mail.sfsu.pancajima.student.TipCalculatorUITests;
				PRODUCT_NAME = "$(TARGET_NAME)";
				SWIFT_VERSION = 5.0;
				TARGETED_DEVICE_FAMILY = "1,2";
				TEST_TARGET_NAME = TipCalculator;
			};
			name = Release;
		};
/* End XCBuildConfiguration section */

/* Begin XCConfigurationList section */
		784CC3C1231AE16F00ADF6DF /* Build configuration list for PBXProject "TipCalculator" */ = {
			isa = XCConfigurationList;
			buildConfigurations = (
				784CC3EF231AE17000ADF6DF /* Debug */,
				784CC3F0231AE17000ADF6DF /* Release */,
			);
			defaultConfigurationIsVisible = 0;
			defaultConfigurationName = Release;
		};
		784CC3F1231AE17000ADF6DF /* Build configuration list for PBXNativeTarget "TipCalculator" */ = {
			isa = XCConfigurationList;
			buildConfigurations = (
				784CC3F2231AE17000ADF6DF /* Debug */,
				784CC3F3231AE17000ADF6DF /* Release */,
			);
			defaultConfigurationIsVisible = 0;
			defaultConfigurationName = Release;
		};
		784CC3F4231AE17000ADF6DF /* Build configuration list for PBXNativeTarget "TipCalculatorTests" */ = {
			isa = XCConfigurationList;
			buildConfigurations = (
				784CC3F5231AE17000ADF6DF /* Debug */,
				784CC3F6231AE17000ADF6DF /* Release */,
			);
			defaultConfigurationIsVisible = 0;
			defaultConfigurationName = Release;
		};
		784CC3F7231AE17000ADF6DF /* Build configuration list for PBXNativeTarget "TipCalculatorUITests" */ = {
			isa = XCConfigurationList;
			buildConfigurations = (
				784CC3F8231AE17000ADF6DF /* Debug */,
				784CC3F9231AE17000ADF6DF /* Release */,
			);
			defaultConfigurationIsVisible = 0;
			defaultConfigurationName = Release;
		};
/* End XCConfigurationList section */

/* Begin XCVersionGroup section */
		784CC3D0231AE16F00ADF6DF /* TipCalculator.xcdatamodeld */ = {
			isa = XCVersionGroup;
			children = (
				784CC3D1231AE16F00ADF6DF /* TipCalculator.xcdatamodel */,
			);
			currentVersion = 784CC3D1231AE16F00ADF6DF /* TipCalculator.xcdatamodel */;
			path = TipCalculator.xcdatamodeld;
			sourceTree = "<group>";
			versionGroupType = wrapper.xcdatamodel;
		};
/* End XCVersionGroup section */
	};
	rootObject = 784CC3BE231AE16F00ADF6DF /* Project object */;
}
